
Microsoft Visual Studio Solution File, Format Version 12.00
# Visual Studio Version 16
VisualStudioVersion = 16.0.30804.86
MinimumVisualStudioVersion = 10.0.40219.1
Project("{FAE04EC0-301F-11D3-BF4B-00C04F79EFBC}") = "AppMicroCharts.Android", "AppMicroCharts\AppMicroCharts.Android\AppMicroCharts.Android.csproj", "{AEE2EBCE-6DAA-48CA-8FA8-28463E2BF12C}"
EndProject
Project("{FAE04EC0-301F-11D3-BF4B-00C04F79EFBC}") = "AppMicroCharts", "AppMicroCharts\AppMicroCharts\AppMicroCharts.csproj", "{DE7D3313-42AB-4C86-8CD1-47C7CE61BED4}"
EndProject
Project("{9A19103F-16F7-4668-BE54-9A1E7A4F7556}") = "Microcharts", "..\..\..\Users\ANAKIN\Downloads\Microcharts-main\Microcharts-main\Sources\Microcharts\Microcharts.csproj", "{60E8FEE7-89AD-43FD-9B1A-68743D1203F9}"
EndProject
Global
	GlobalSection(SolutionConfigurationPlatforms) = preSolution
		Debug|Any CPU = Debug|Any CPU
		Release|Any CPU = Release|Any CPU
	EndGlobalSection
	GlobalSection(ProjectConfigurationPlatforms) = postSolution
		{AEE2EBCE-6DAA-48CA-8FA8-28463E2BF12C}.Debug|Any CPU.ActiveCfg = Debug|Any CPU
		{AEE2EBCE-6DAA-48CA-8FA8-28463E2BF12C}.Debug|Any CPU.Build.0 = Debug|Any CPU
		{AEE2EBCE-6DAA-48CA-8FA8-28463E2BF12C}.Debug|Any CPU.Deploy.0 = Debug|Any CPU
		{AEE2EBCE-6DAA-48CA-8FA8-28463E2BF12C}.Release|Any CPU.ActiveCfg = Release|Any CPU
		{AEE2EBCE-6DAA-48CA-8FA8-28463E2BF12C}.Release|Any CPU.Build.0 = Release|Any CPU
		{AEE2EBCE-6DAA-48CA-8FA8-28463E2BF12C}.Release|Any CPU.Deploy.0 = Release|Any CPU
		{DE7D3313-42AB-4C86-8CD1-47C7CE61BED4}.Debug|Any CPU.ActiveCfg = Debug|Any CPU
		{DE7D3313-42AB-4C86-8CD1-47C7CE61BED4}.Debug|Any CPU.Build.0 = Debug|Any CPU
		{DE7D3313-42AB-4C86-8CD1-47C7CE61BED4}.Debug|Any CPU.Deploy.0 = Debug|Any CPU
		{DE7D3313-42AB-4C86-8CD1-47C7CE61BED4}.Release|Any CPU.ActiveCfg = Release|Any CPU
		{DE7D3313-42AB-4C86-8CD1-47C7CE61BED4}.Release|Any CPU.Build.0 = Release|Any CPU
		{DE7D3313-42AB-4C86-8CD1-47C7CE61BED4}.Release|Any CPU.Deploy.0 = Release|Any CPU
		{60E8FEE7-89AD-43FD-9B1A-68743D1203F9}.Debug|Any CPU.ActiveCfg = Debug|Any CPU
		{60E8FEE7-89AD-43FD-9B1A-68743D1203F9}.Debug|Any CPU.Build.0 = Debug|Any CPU
		{60E8FEE7-89AD-43FD-9B1A-68743D1203F9}.Release|Any CPU.ActiveCfg = Release|Any CPU
		{60E8FEE7-89AD-43FD-9B1A-68743D1203F9}.Release|Any CPU.Build.0 = Release|Any CPU
	EndGlobalSection
	GlobalSection(SolutionProperties) = preSolution
		HideSolutionNode = FALSE
	EndGlobalSection
	GlobalSection(ExtensibilityGlobals) = postSolution
		SolutionGuid = {4A81E032-2E33-497F-AD53-C3E73673515F}
	EndGlobalSection
EndGlobal
